
Microsoft Visual Studio Solution File, Format Version 12.00
# Visual Studio 15
VisualStudioVersion = 15.0.28307.271
MinimumVisualStudioVersion = 10.0.40219.1
Project("{151D2E53-A2C4-4D7D-83FE-D05416EBD58E}") = "AzureResourceGroup", "AzureResourceGroup\AzureResourceGroup.deployproj", "{2C477035-CDE4-4BCD-9DCF-5CAB21EA3F0E}"
EndProject
Global
	GlobalSection(SolutionConfigurationPlatforms) = preSolution
		Debug|Any CPU = Debug|Any CPU
		Release|Any CPU = Release|Any CPU
	EndGlobalSection
	GlobalSection(ProjectConfigurationPlatforms) = postSolution
		{2C477035-CDE4-4BCD-9DCF-5CAB21EA3F0E}.Debug|Any CPU.ActiveCfg = Debug|Any CPU
		{2C477035-CDE4-4BCD-9DCF-5CAB21EA3F0E}.Debug|Any CPU.Build.0 = Debug|Any CPU
		{2C477035-CDE4-4BCD-9DCF-5CAB21EA3F0E}.Release|Any CPU.ActiveCfg = Release|Any CPU
		{2C477035-CDE4-4BCD-9DCF-5CAB21EA3F0E}.Release|Any CPU.Build.0 = Release|Any CPU
	EndGlobalSection
	GlobalSection(SolutionProperties) = preSolution
		HideSolutionNode = FALSE
	EndGlobalSection
	GlobalSection(ExtensibilityGlobals) = postSolution
		SolutionGuid = {0C38129D-7A1B-4279-BB49-9ABF433D3C99}
	EndGlobalSection
EndGlobal
