
Microsoft Visual Studio Solution File, Format Version 12.00
# Visual Studio 15
VisualStudioVersion = 15.0.28307.271
MinimumVisualStudioVersion = 10.0.40219.1
Project("{A07B5EB6-E848-4116-A8D0-A826331D98C6}") = "service_fabric_app", "service-fabric-app\service_fabric_app.sfproj", "{EDE1D8E0-9053-4E2A-AABA-64F4E5B73D65}"
EndProject
Project("{FAE04EC0-301F-11D3-BF4B-00C04F79EFBC}") = "Stateless1", "Stateless1\Stateless1.csproj", "{8ADC1EBA-54B2-4281-9442-4BB6DCB12C3F}"
EndProject
Global
	GlobalSection(SolutionConfigurationPlatforms) = preSolution
		Debug|Any CPU = Debug|Any CPU
		Debug|x64 = Debug|x64
		Release|Any CPU = Release|Any CPU
		Release|x64 = Release|x64
	EndGlobalSection
	GlobalSection(ProjectConfigurationPlatforms) = postSolution
		{EDE1D8E0-9053-4E2A-AABA-64F4E5B73D65}.Debug|Any CPU.ActiveCfg = Debug|x64
		{EDE1D8E0-9053-4E2A-AABA-64F4E5B73D65}.Debug|x64.ActiveCfg = Debug|x64
		{EDE1D8E0-9053-4E2A-AABA-64F4E5B73D65}.Debug|x64.Build.0 = Debug|x64
		{EDE1D8E0-9053-4E2A-AABA-64F4E5B73D65}.Debug|x64.Deploy.0 = Debug|x64
		{EDE1D8E0-9053-4E2A-AABA-64F4E5B73D65}.Release|Any CPU.ActiveCfg = Release|x64
		{EDE1D8E0-9053-4E2A-AABA-64F4E5B73D65}.Release|x64.ActiveCfg = Release|x64
		{EDE1D8E0-9053-4E2A-AABA-64F4E5B73D65}.Release|x64.Build.0 = Release|x64
		{EDE1D8E0-9053-4E2A-AABA-64F4E5B73D65}.Release|x64.Deploy.0 = Release|x64
		{8ADC1EBA-54B2-4281-9442-4BB6DCB12C3F}.Debug|Any CPU.ActiveCfg = Debug|Any CPU
		{8ADC1EBA-54B2-4281-9442-4BB6DCB12C3F}.Debug|Any CPU.Build.0 = Debug|Any CPU
		{8ADC1EBA-54B2-4281-9442-4BB6DCB12C3F}.Debug|x64.ActiveCfg = Debug|Any CPU
		{8ADC1EBA-54B2-4281-9442-4BB6DCB12C3F}.Debug|x64.Build.0 = Debug|Any CPU
		{8ADC1EBA-54B2-4281-9442-4BB6DCB12C3F}.Release|Any CPU.ActiveCfg = Release|Any CPU
		{8ADC1EBA-54B2-4281-9442-4BB6DCB12C3F}.Release|Any CPU.Build.0 = Release|Any CPU
		{8ADC1EBA-54B2-4281-9442-4BB6DCB12C3F}.Release|x64.ActiveCfg = Release|Any CPU
		{8ADC1EBA-54B2-4281-9442-4BB6DCB12C3F}.Release|x64.Build.0 = Release|Any CPU
	EndGlobalSection
	GlobalSection(SolutionProperties) = preSolution
		HideSolutionNode = FALSE
	EndGlobalSection
	GlobalSection(ExtensibilityGlobals) = postSolution
		SolutionGuid = {96C6D02C-0912-4860-A663-B6EE4921B75D}
	EndGlobalSection
EndGlobal
